
Microsoft Visual Studio Solution File, Format Version 12.00
# Visual Studio Version 16
VisualStudioVersion = 16.0.30011.22
MinimumVisualStudioVersion = 10.0.40219.1
Project("{FAE04EC0-301F-11D3-BF4B-00C04F79EFBC}") = "TopicSender", "TopicSender\TopicSender.csproj", "{69B63673-A97A-4464-AEF8-B7CD09445AB9}"
EndProject
Global
	GlobalSection(SolutionConfigurationPlatforms) = preSolution
		Debug|Any CPU = Debug|Any CPU
		Release|Any CPU = Release|Any CPU
	EndGlobalSection
	GlobalSection(ProjectConfigurationPlatforms) = postSolution
		{69B63673-A97A-4464-AEF8-B7CD09445AB9}.Debug|Any CPU.ActiveCfg = Debug|Any CPU
		{69B63673-A97A-4464-AEF8-B7CD09445AB9}.Debug|Any CPU.Build.0 = Debug|Any CPU
		{69B63673-A97A-4464-AEF8-B7CD09445AB9}.Release|Any CPU.ActiveCfg = Release|Any CPU
		{69B63673-A97A-4464-AEF8-B7CD09445AB9}.Release|Any CPU.Build.0 = Release|Any CPU
	EndGlobalSection
	GlobalSection(SolutionProperties) = preSolution
		HideSolutionNode = FALSE
	EndGlobalSection
	GlobalSection(ExtensibilityGlobals) = postSolution
		SolutionGuid = {808CC318-85E4-4ECF-8593-1F57AFD67EA0}
	EndGlobalSection
EndGlobal
